
Microsoft Visual Studio Solution File, Format Version 12.00
# Visual Studio Version 16
VisualStudioVersion = 16.0.32602.291
MinimumVisualStudioVersion = 10.0.40219.1
Project("{FAE04EC0-301F-11D3-BF4B-00C04F79EFBC}") = "Calculadora", "Calculadora\Calculadora.csproj", "{C0C08EF8-6AC1-4A40-8D04-7FBD27FB6200}"
EndProject
Global
	GlobalSection(SolutionConfigurationPlatforms) = preSolution
		Debug|Any CPU = Debug|Any CPU
		Release|Any CPU = Release|Any CPU
	EndGlobalSection
	GlobalSection(ProjectConfigurationPlatforms) = postSolution
		{C0C08EF8-6AC1-4A40-8D04-7FBD27FB6200}.Debug|Any CPU.ActiveCfg = Debug|Any CPU
		{C0C08EF8-6AC1-4A40-8D04-7FBD27FB6200}.Debug|Any CPU.Build.0 = Debug|Any CPU
		{C0C08EF8-6AC1-4A40-8D04-7FBD27FB6200}.Release|Any CPU.ActiveCfg = Release|Any CPU
		{C0C08EF8-6AC1-4A40-8D04-7FBD27FB6200}.Release|Any CPU.Build.0 = Release|Any CPU
	EndGlobalSection
	GlobalSection(SolutionProperties) = preSolution
		HideSolutionNode = FALSE
	EndGlobalSection
	GlobalSection(ExtensibilityGlobals) = postSolution
		SolutionGuid = {C1E69C92-49A1-4B54-9F88-130ABFCF4783}
	EndGlobalSection
EndGlobal
